
Microsoft Visual Studio Solution File, Format Version 12.00
# Visual Studio Version 17
VisualStudioVersion = 17.9.34622.214
MinimumVisualStudioVersion = 10.0.40219.1
Project("{FAE04EC0-301F-11D3-BF4B-00C04F79EFBC}") = "ConsoleApp14", "ConsoleApp14\ConsoleApp14.csproj", "{DF8744B0-30DD-4491-A73C-51F65ACFA0BA}"
EndProject
Project("{FAE04EC0-301F-11D3-BF4B-00C04F79EFBC}") = "Core", "Core\Core.csproj", "{1FE040AA-DBF8-48B6-BC52-B10C16671020}"
EndProject
Global
	GlobalSection(SolutionConfigurationPlatforms) = preSolution
		Debug|Any CPU = Debug|Any CPU
		Release|Any CPU = Release|Any CPU
	EndGlobalSection
	GlobalSection(ProjectConfigurationPlatforms) = postSolution
		{DF8744B0-30DD-4491-A73C-51F65ACFA0BA}.Debug|Any CPU.ActiveCfg = Debug|Any CPU
		{DF8744B0-30DD-4491-A73C-51F65ACFA0BA}.Debug|Any CPU.Build.0 = Debug|Any CPU
		{DF8744B0-30DD-4491-A73C-51F65ACFA0BA}.Release|Any CPU.ActiveCfg = Release|Any CPU
		{DF8744B0-30DD-4491-A73C-51F65ACFA0BA}.Release|Any CPU.Build.0 = Release|Any CPU
		{1FE040AA-DBF8-48B6-BC52-B10C16671020}.Debug|Any CPU.ActiveCfg = Debug|Any CPU
		{1FE040AA-DBF8-48B6-BC52-B10C16671020}.Debug|Any CPU.Build.0 = Debug|Any CPU
		{1FE040AA-DBF8-48B6-BC52-B10C16671020}.Release|Any CPU.ActiveCfg = Release|Any CPU
		{1FE040AA-DBF8-48B6-BC52-B10C16671020}.Release|Any CPU.Build.0 = Release|Any CPU
	EndGlobalSection
	GlobalSection(SolutionProperties) = preSolution
		HideSolutionNode = FALSE
	EndGlobalSection
	GlobalSection(ExtensibilityGlobals) = postSolution
		SolutionGuid = {A9C5FB3F-77FD-4CB7-A03E-6BE8426723ED}
	EndGlobalSection
EndGlobal
